git.dar.tech/griffon-open/griffon-lib v1.0.1-0.20210620132729-6947e3a2a79c h1:aN6k38sJ1qGPO6rEIa+Aba1mFQFn3e+FoMvO9lu9/sI=
git.dar.tech/griffon-open/griffon-lib v1.0.1-0.20210620132729-6947e3a2a79c/go.mod h1:eMEpjjg1mrkHC/aINon51Of35NjsDrAfc4kjEfb//KI=
git.dar.tech/griffon-open/griffon-lib v1.0.1-0.20210621054614-71460c54906b h1:/WIhGQjM3W2+/xGLZIwrY4gMwd4YNdiwxAtTyC4AsaI=
git.dar.tech/griffon-open/griffon-lib v1.0.1-0.20210621054614-71460c54906b/go.mod h1:eMEpjjg1mrkHC/aINon51Of35NjsDrAfc4kjEfb//KI=
git.dar.tech/griffon-open/griffon-lib v1.0.1-0.20210624031710-cc0802ea08a1 h1:sH9aYQ1JleVmkxEW1to58G2uCwgW3Gl6yCeTg0BvmOg=
git.dar.tech/griffon-open/griffon-lib v1.0.1-0.20210624031710-cc0802ea08a1/go.mod h1:eMEpjjg1mrkHC/aINon51Of35NjsDrAfc4kjEfb//KI=
github.com/40a/go-powershell v0.0.0-20170206184816-8a975e1f46d2 h1:9LnA0Z25ZTpefsrnrn68HcJmYwYHeE1PLluCHjtimCY=
github.com/40a/go-powershell v0.0.0-20170206184816-8a975e1f46d2/go.mod h1:tTEeIDGdOajdi66pRHWKAPyS8AAPv85NdSrWcZpHkVY=
github.com/BurntSushi/toml v0.3.1/go.mod h1:xHWCNGjB5oqiDr8zfno3MHue2Ht5sIBksp03qcyfWMU=
github.com/bhendo/go-powershell v0.0.0-20190719160123-219e7fb4e41e h1:KCjb01YiNoRaJ5c+SbnPLWjVzU9vqRYHg3e5JcN50nM=
github.com/bhendo/go-powershell v0.0.0-20190719160123-219e7fb4e41e/go.mod h1:f7vw6ObmmNcyFQLhZX9eUGBJGpnwTJFDvVjqZxIxHWY=
github.com/cpuguy83/go-md2man/v2 v2.0.0-20190314233015-f79a8a8ca69d h1:U+s90UTSYgptZMwQh2aRr3LuazLJIa+Pg3Kc1ylSYVY=
github.com/cpuguy83/go-md2man/v2 v2.0.0-20190314233015-f79a8a8ca69d/go.mod h1:maD7wRr/U5Z6m/iR4s+kqSMx2CaBsrgA7czyZG/E6dU=
github.com/joho/godotenv v1.3.1-0.20210304093531-ddf83eb33bbb h1:vIQ/x3EI7r6FNMcLQEpMMymuPZeAzA+NytuLEHYdDGc=
github.com/joho/godotenv v1.3.1-0.20210304093531-ddf83eb33bbb/go.mod h1:f4LDr5Voq0i2e/R5DDNOoa2zzDfwtkZa6DnEwAbqwq4=
github.com/juju/errors v0.0.0-20200330140219-3fe23663418f h1:MCOvExGLpaSIzLYB4iQXEHP4jYVU6vmzLNQPdMVrxnM=
github.com/juju/errors v0.0.0-20200330140219-3fe23663418f/go.mod h1:W54LbzXuIE0boCoNJfwqpmkKJ1O4TCTZMetAt6jGk7Q=
github.com/pmezard/go-difflib v1.0.0/go.mod h1:iKH77koFhYxTK1pcRnkKkqfTogsbg7gZNVY4sRDYZ/4=
github.com/russross/blackfriday/v2 v2.0.1 h1:lPqVAte+HuHNfhJ/0LC98ESWRz8afy9tM/0RK8m9o+Q=
github.com/russross/blackfriday/v2 v2.0.1/go.mod h1:+Rmxgy9KzJVeS9/2gXHxylqXiyQDYRxCVz55jmeOWTM=
github.com/shurcooL/sanitized_anchor_name v1.0.0 h1:PdmoCO6wvbs+7yrJyMORt4/BmY5IYyJwS/kOiWx8mHo=
github.com/shurcooL/sanitized_anchor_name v1.0.0/go.mod h1:1NzhyTcUVG4SuEtjjoZeVRXNmyL/1OwPU0+IJeTBvfc=
github.com/urfave/cli v1.22.5 h1:lNq9sAHXK2qfdI8W+GRItjCEkI+2oR4d+MEHy1CKXoU=
github.com/urfave/cli v1.22.5/go.mod h1:Gos4lmkARVdJ6EkW0WaNv/tZAAMe9V7XWyB60NtXRu0=
gopkg.in/check.v1 v0.0.0-20161208181325-20d25e280405/go.mod h1:Co6ibVJAznAaIkqp8huTwlJQCZ016jof/cbN4VW5Yz0=
gopkg.in/yaml.v2 v2.2.2/go.mod h1:hI93XBmqTisBFMUTm0b8Fm+jr3Dg1NNxqwp+5A1VGuI=
