git.dar.tech/griffon-open/griffon-lib v1.0.1-0.20210620132729-6947e3a2a79c h1:aN6k38sJ1qGPO6rEIa+Aba1mFQFn3e+FoMvO9lu9/sI=
git.dar.tech/griffon-open/griffon-lib v1.0.1-0.20210620132729-6947e3a2a79c/go.mod h1:eMEpjjg1mrkHC/aINon51Of35NjsDrAfc4kjEfb//KI=
git.dar.tech/griffon-open/griffon-lib v1.0.1-0.20210621054614-71460c54906b h1:/WIhGQjM3W2+/xGLZIwrY4gMwd4YNdiwxAtTyC4AsaI=
git.dar.tech/griffon-open/griffon-lib v1.0.1-0.20210621054614-71460c54906b/go.mod h1:eMEpjjg1mrkHC/aINon51Of35NjsDrAfc4kjEfb//KI=
github.com/40a/go-powershell v0.0.0-20170206184816-8a975e1f46d2 h1:9LnA0Z25ZTpefsrnrn68HcJmYwYHeE1PLluCHjtimCY=
github.com/40a/go-powershell v0.0.0-20170206184816-8a975e1f46d2/go.mod h1:tTEeIDGdOajdi66pRHWKAPyS8AAPv85NdSrWcZpHkVY=
github.com/bhendo/go-powershell v0.0.0-20190719160123-219e7fb4e41e h1:KCjb01YiNoRaJ5c+SbnPLWjVzU9vqRYHg3e5JcN50nM=
github.com/bhendo/go-powershell v0.0.0-20190719160123-219e7fb4e41e/go.mod h1:f7vw6ObmmNcyFQLhZX9eUGBJGpnwTJFDvVjqZxIxHWY=
github.com/joho/godotenv v1.3.1-0.20210304093531-ddf83eb33bbb h1:vIQ/x3EI7r6FNMcLQEpMMymuPZeAzA+NytuLEHYdDGc=
github.com/joho/godotenv v1.3.1-0.20210304093531-ddf83eb33bbb/go.mod h1:f4LDr5Voq0i2e/R5DDNOoa2zzDfwtkZa6DnEwAbqwq4=
github.com/juju/errors v0.0.0-20200330140219-3fe23663418f h1:MCOvExGLpaSIzLYB4iQXEHP4jYVU6vmzLNQPdMVrxnM=
github.com/juju/errors v0.0.0-20200330140219-3fe23663418f/go.mod h1:W54LbzXuIE0boCoNJfwqpmkKJ1O4TCTZMetAt6jGk7Q=
